
Microsoft Visual Studio Solution File, Format Version 12.00
# Visual Studio 15
VisualStudioVersion = 15.0.28010.2003
MinimumVisualStudioVersion = 10.0.40219.1
Project("{9A19103F-16F7-4668-BE54-9A1E7A4F7556}") = "Galaxy", "Galaxy\Galaxy.csproj", "{7C3581B3-BC3D-4557-8245-0E6392F45611}"
EndProject
Project("{9A19103F-16F7-4668-BE54-9A1E7A4F7556}") = "Galaxy.EntityFrameworkCore", "Galaxy.EntityFrameworkCore\Galaxy.EntityFrameworkCore.csproj", "{6B627665-E682-4884-A5D5-41386DF8DB2D}"
EndProject
Project("{9A19103F-16F7-4668-BE54-9A1E7A4F7556}") = "Galaxy.Dapper", "Galaxy.Dapper\Galaxy.Dapper.csproj", "{E87829FE-B275-4821-9105-1B00166286AC}"
EndProject
Project("{9A19103F-16F7-4668-BE54-9A1E7A4F7556}") = "Galaxy.Redis", "Galaxy.Redis\Galaxy.Redis.csproj", "{CD275285-BA98-45FC-9289-0302CEBA8F3B}"
EndProject
Project("{9A19103F-16F7-4668-BE54-9A1E7A4F7556}") = "Galaxy.Mapster", "Galaxy.Mapster\Galaxy.Mapster.csproj", "{B4B3A523-C649-4367-8781-879A896FB797}"
EndProject
Project("{9A19103F-16F7-4668-BE54-9A1E7A4F7556}") = "Galaxy.MongoDB", "Galaxy.MongoDB\Galaxy.MongoDB.csproj", "{4FE23459-C5C8-4321-9F38-4D4302583868}"
EndProject
Project("{9A19103F-16F7-4668-BE54-9A1E7A4F7556}") = "Galaxy.MassTransit", "Galaxy.MassTransit\Galaxy.MassTransit.csproj", "{447FAF75-A015-41D8-B7D5-BCBF300B248A}"
EndProject
Project("{9A19103F-16F7-4668-BE54-9A1E7A4F7556}") = "Galaxy.NServiceBus", "Galaxy.NServiceBus\Galaxy.NServiceBus.csproj", "{A426D0B5-3C9F-4F15-9A87-77E35E6765EB}"
EndProject
Project("{9A19103F-16F7-4668-BE54-9A1E7A4F7556}") = "Galaxy.AutoMapper", "Galaxy.AutoMapper\Galaxy.AutoMapper.csproj", "{1DB04FDC-F260-4C71-83F6-36F4836D07FE}"
EndProject
Project("{9A19103F-16F7-4668-BE54-9A1E7A4F7556}") = "Galaxy.Serilog", "Galaxy.Serilog\Galaxy.Serilog.csproj", "{F76F01E1-CDE7-4B05-822B-037BCE521D03}"
EndProject
Project("{2150E333-8FDC-42A3-9474-1A3956D46DE8}") = "src", "src", "{2EA9361A-23EA-4A5E-8612-DF1F774AAEF3}"
EndProject
Project("{2150E333-8FDC-42A3-9474-1A3956D46DE8}") = "test", "test", "{E37410B3-6E79-454D-A4C4-183440F7190F}"
EndProject
Project("{9A19103F-16F7-4668-BE54-9A1E7A4F7556}") = "Galaxy.HealthChecks", "Galaxy.HealthChecks\Galaxy.HealthChecks.csproj", "{F561D29A-69BD-4523-B08D-051F2D873292}"
EndProject
Project("{9A19103F-16F7-4668-BE54-9A1E7A4F7556}") = "Galaxy.EventBusRabbitMQ", "Galaxy.EventBusRabbitMQ\Galaxy.EventBusRabbitMQ.csproj", "{5252A17B-77D0-46E5-9F33-CAB76A7257A2}"
EndProject
Project("{9A19103F-16F7-4668-BE54-9A1E7A4F7556}") = "Galaxy.Tests", "Galaxy.Tests\Galaxy.Tests.csproj", "{1ED211B9-AEA2-4BE0-80A9-881A441682D1}"
EndProject
Project("{9A19103F-16F7-4668-BE54-9A1E7A4F7556}") = "Galaxy.EntityFrameworkCore.Tests", "Galaxy.EntityFrameworkCore.Tests\Galaxy.EntityFrameworkCore.Tests.csproj", "{BF062EDB-25C6-4B01-A15E-0DDB4BEC4562}"
EndProject
Project("{9A19103F-16F7-4668-BE54-9A1E7A4F7556}") = "Galaxy.Dapper.Tests", "Galaxy.Dapper.Tests\Galaxy.Dapper.Tests.csproj", "{8FB8688D-2EBB-4B6F-9E6C-FCF35B8D1056}"
EndProject
Project("{9A19103F-16F7-4668-BE54-9A1E7A4F7556}") = "Galaxy.Mapster.Tests", "Galaxy.Mapster.Tests\Galaxy.Mapster.Tests.csproj", "{2BE7167F-7EF1-442F-A62D-D5F095CFED2D}"
EndProject
Project("{9A19103F-16F7-4668-BE54-9A1E7A4F7556}") = "Galaxy.Redis.Tests", "Galaxy.Redis.Tests\Galaxy.Redis.Tests.csproj", "{2E8197E4-F65D-4FB3-B035-927B3EA6F602}"
EndProject
Project("{9A19103F-16F7-4668-BE54-9A1E7A4F7556}") = "Galaxy.Serilog.Tests", "Galaxy.Serilog.Tests\Galaxy.Serilog.Tests.csproj", "{51894973-CEBD-45DA-890A-4E09C3153C02}"
EndProject
Project("{9A19103F-16F7-4668-BE54-9A1E7A4F7556}") = "Galaxy.AutoMapper.Tests", "Galaxy.AutoMapper.Tests\Galaxy.AutoMapper.Tests.csproj", "{CFF3B5E5-6D30-45DB-89E9-B8897F645F09}"
EndProject
Project("{9A19103F-16F7-4668-BE54-9A1E7A4F7556}") = "Galaxy.MassTransit.Tests", "Galaxy.MassTransit.Tests\Galaxy.MassTransit.Tests.csproj", "{07A95A8E-FF5A-45AD-B945-B7E5CBAB9032}"
EndProject
Project("{9A19103F-16F7-4668-BE54-9A1E7A4F7556}") = "Galaxy.FluentValidation", "Galaxy.FluentValidation\Galaxy.FluentValidation.csproj", "{3A827938-FBAD-48A7-B667-CB59CC50A32B}"
EndProject
Project("{9A19103F-16F7-4668-BE54-9A1E7A4F7556}") = "Galaxy.FluentValidation.Tests", "Galaxy.FluentValidation.Tests\Galaxy.FluentValidation.Tests.csproj", "{6348EB03-15C2-4C75-8163-044A4DF7CBA9}"
EndProject
Project("{9A19103F-16F7-4668-BE54-9A1E7A4F7556}") = "Galaxy.Swagger", "Galaxy.Swagger\Galaxy.Swagger.csproj", "{92DD5729-6FC6-4268-9ABB-991D93A85EC6}"
EndProject
Project("{9A19103F-16F7-4668-BE54-9A1E7A4F7556}") = "Galaxy.Resilence", "Galaxy.Resilence\Galaxy.Resilence.csproj", "{0722027F-1800-495C-9F98-ABA12B068F5F}"
EndProject
Project("{9A19103F-16F7-4668-BE54-9A1E7A4F7556}") = "Galaxy.NHibernate", "Galaxy.NHibernate\Galaxy.NHibernate.csproj", "{1927CA7F-C1E3-421A-9A53-3E1F033D2EC8}"
EndProject
Project("{9A19103F-16F7-4668-BE54-9A1E7A4F7556}") = "Galaxy.Nhibernate.Tests", "Galaxy.Nhibernate.Tests\Galaxy.Nhibernate.Tests.csproj", "{A438E4AF-4F09-41EE-950D-DBD2AD31DF82}"
EndProject
Project("{FAE04EC0-301F-11D3-BF4B-00C04F79EFBC}") = "Galaxy.Identity", "Galaxy.Identity\Galaxy.Identity.csproj", "{0E7AB4C9-B8B8-47C2-B5BC-6840684F8DE7}"
EndProject
Project("{FAE04EC0-301F-11D3-BF4B-00C04F79EFBC}") = "Galaxy.Identity.Tests", "Galaxy.Identity.Tests\Galaxy.Identity.Tests.csproj", "{F670E684-2D27-40E3-BE9F-24D1168999BC}"
EndProject
Global
	GlobalSection(SolutionConfigurationPlatforms) = preSolution
		Debug|Any CPU = Debug|Any CPU
		Release|Any CPU = Release|Any CPU
	EndGlobalSection
	GlobalSection(ProjectConfigurationPlatforms) = postSolution
		{7C3581B3-BC3D-4557-8245-0E6392F45611}.Debug|Any CPU.ActiveCfg = Debug|Any CPU
		{7C3581B3-BC3D-4557-8245-0E6392F45611}.Debug|Any CPU.Build.0 = Debug|Any CPU
		{7C3581B3-BC3D-4557-8245-0E6392F45611}.Release|Any CPU.ActiveCfg = Release|Any CPU
		{7C3581B3-BC3D-4557-8245-0E6392F45611}.Release|Any CPU.Build.0 = Release|Any CPU
		{6B627665-E682-4884-A5D5-41386DF8DB2D}.Debug|Any CPU.ActiveCfg = Debug|Any CPU
		{6B627665-E682-4884-A5D5-41386DF8DB2D}.Debug|Any CPU.Build.0 = Debug|Any CPU
		{6B627665-E682-4884-A5D5-41386DF8DB2D}.Release|Any CPU.ActiveCfg = Release|Any CPU
		{6B627665-E682-4884-A5D5-41386DF8DB2D}.Release|Any CPU.Build.0 = Release|Any CPU
		{E87829FE-B275-4821-9105-1B00166286AC}.Debug|Any CPU.ActiveCfg = Debug|Any CPU
		{E87829FE-B275-4821-9105-1B00166286AC}.Debug|Any CPU.Build.0 = Debug|Any CPU
		{E87829FE-B275-4821-9105-1B00166286AC}.Release|Any CPU.ActiveCfg = Release|Any CPU
		{E87829FE-B275-4821-9105-1B00166286AC}.Release|Any CPU.Build.0 = Release|Any CPU
		{CD275285-BA98-45FC-9289-0302CEBA8F3B}.Debug|Any CPU.ActiveCfg = Debug|Any CPU
		{CD275285-BA98-45FC-9289-0302CEBA8F3B}.Debug|Any CPU.Build.0 = Debug|Any CPU
		{CD275285-BA98-45FC-9289-0302CEBA8F3B}.Release|Any CPU.ActiveCfg = Release|Any CPU
		{CD275285-BA98-45FC-9289-0302CEBA8F3B}.Release|Any CPU.Build.0 = Release|Any CPU
		{B4B3A523-C649-4367-8781-879A896FB797}.Debug|Any CPU.ActiveCfg = Debug|Any CPU
		{B4B3A523-C649-4367-8781-879A896FB797}.Debug|Any CPU.Build.0 = Debug|Any CPU
		{B4B3A523-C649-4367-8781-879A896FB797}.Release|Any CPU.ActiveCfg = Release|Any CPU
		{B4B3A523-C649-4367-8781-879A896FB797}.Release|Any CPU.Build.0 = Release|Any CPU
		{4FE23459-C5C8-4321-9F38-4D4302583868}.Debug|Any CPU.ActiveCfg = Debug|Any CPU
		{4FE23459-C5C8-4321-9F38-4D4302583868}.Debug|Any CPU.Build.0 = Debug|Any CPU
		{4FE23459-C5C8-4321-9F38-4D4302583868}.Release|Any CPU.ActiveCfg = Release|Any CPU
		{4FE23459-C5C8-4321-9F38-4D4302583868}.Release|Any CPU.Build.0 = Release|Any CPU
		{447FAF75-A015-41D8-B7D5-BCBF300B248A}.Debug|Any CPU.ActiveCfg = Debug|Any CPU
		{447FAF75-A015-41D8-B7D5-BCBF300B248A}.Debug|Any CPU.Build.0 = Debug|Any CPU
		{447FAF75-A015-41D8-B7D5-BCBF300B248A}.Release|Any CPU.ActiveCfg = Release|Any CPU
		{447FAF75-A015-41D8-B7D5-BCBF300B248A}.Release|Any CPU.Build.0 = Release|Any CPU
		{A426D0B5-3C9F-4F15-9A87-77E35E6765EB}.Debug|Any CPU.ActiveCfg = Debug|Any CPU
		{A426D0B5-3C9F-4F15-9A87-77E35E6765EB}.Debug|Any CPU.Build.0 = Debug|Any CPU
		{A426D0B5-3C9F-4F15-9A87-77E35E6765EB}.Release|Any CPU.ActiveCfg = Release|Any CPU
		{A426D0B5-3C9F-4F15-9A87-77E35E6765EB}.Release|Any CPU.Build.0 = Release|Any CPU
		{1DB04FDC-F260-4C71-83F6-36F4836D07FE}.Debug|Any CPU.ActiveCfg = Debug|Any CPU
		{1DB04FDC-F260-4C71-83F6-36F4836D07FE}.Debug|Any CPU.Build.0 = Debug|Any CPU
		{1DB04FDC-F260-4C71-83F6-36F4836D07FE}.Release|Any CPU.ActiveCfg = Release|Any CPU
		{1DB04FDC-F260-4C71-83F6-36F4836D07FE}.Release|Any CPU.Build.0 = Release|Any CPU
		{F76F01E1-CDE7-4B05-822B-037BCE521D03}.Debug|Any CPU.ActiveCfg = Debug|Any CPU
		{F76F01E1-CDE7-4B05-822B-037BCE521D03}.Debug|Any CPU.Build.0 = Debug|Any CPU
		{F76F01E1-CDE7-4B05-822B-037BCE521D03}.Release|Any CPU.ActiveCfg = Release|Any CPU
		{F76F01E1-CDE7-4B05-822B-037BCE521D03}.Release|Any CPU.Build.0 = Release|Any CPU
		{F561D29A-69BD-4523-B08D-051F2D873292}.Debug|Any CPU.ActiveCfg = Debug|Any CPU
		{F561D29A-69BD-4523-B08D-051F2D873292}.Debug|Any CPU.Build.0 = Debug|Any CPU
		{F561D29A-69BD-4523-B08D-051F2D873292}.Release|Any CPU.ActiveCfg = Release|Any CPU
		{F561D29A-69BD-4523-B08D-051F2D873292}.Release|Any CPU.Build.0 = Release|Any CPU
		{5252A17B-77D0-46E5-9F33-CAB76A7257A2}.Debug|Any CPU.ActiveCfg = Debug|Any CPU
		{5252A17B-77D0-46E5-9F33-CAB76A7257A2}.Debug|Any CPU.Build.0 = Debug|Any CPU
		{5252A17B-77D0-46E5-9F33-CAB76A7257A2}.Release|Any CPU.ActiveCfg = Release|Any CPU
		{5252A17B-77D0-46E5-9F33-CAB76A7257A2}.Release|Any CPU.Build.0 = Release|Any CPU
		{1ED211B9-AEA2-4BE0-80A9-881A441682D1}.Debug|Any CPU.ActiveCfg = Debug|Any CPU
		{1ED211B9-AEA2-4BE0-80A9-881A441682D1}.Debug|Any CPU.Build.0 = Debug|Any CPU
		{1ED211B9-AEA2-4BE0-80A9-881A441682D1}.Release|Any CPU.ActiveCfg = Release|Any CPU
		{1ED211B9-AEA2-4BE0-80A9-881A441682D1}.Release|Any CPU.Build.0 = Release|Any CPU
		{BF062EDB-25C6-4B01-A15E-0DDB4BEC4562}.Debug|Any CPU.ActiveCfg = Debug|Any CPU
		{BF062EDB-25C6-4B01-A15E-0DDB4BEC4562}.Debug|Any CPU.Build.0 = Debug|Any CPU
		{BF062EDB-25C6-4B01-A15E-0DDB4BEC4562}.Release|Any CPU.ActiveCfg = Release|Any CPU
		{BF062EDB-25C6-4B01-A15E-0DDB4BEC4562}.Release|Any CPU.Build.0 = Release|Any CPU
		{8FB8688D-2EBB-4B6F-9E6C-FCF35B8D1056}.Debug|Any CPU.ActiveCfg = Debug|Any CPU
		{8FB8688D-2EBB-4B6F-9E6C-FCF35B8D1056}.Debug|Any CPU.Build.0 = Debug|Any CPU
		{8FB8688D-2EBB-4B6F-9E6C-FCF35B8D1056}.Release|Any CPU.ActiveCfg = Release|Any CPU
		{8FB8688D-2EBB-4B6F-9E6C-FCF35B8D1056}.Release|Any CPU.Build.0 = Release|Any CPU
		{2BE7167F-7EF1-442F-A62D-D5F095CFED2D}.Debug|Any CPU.ActiveCfg = Debug|Any CPU
		{2BE7167F-7EF1-442F-A62D-D5F095CFED2D}.Debug|Any CPU.Build.0 = Debug|Any CPU
		{2BE7167F-7EF1-442F-A62D-D5F095CFED2D}.Release|Any CPU.ActiveCfg = Release|Any CPU
		{2BE7167F-7EF1-442F-A62D-D5F095CFED2D}.Release|Any CPU.Build.0 = Release|Any CPU
		{2E8197E4-F65D-4FB3-B035-927B3EA6F602}.Debug|Any CPU.ActiveCfg = Debug|Any CPU
		{2E8197E4-F65D-4FB3-B035-927B3EA6F602}.Debug|Any CPU.Build.0 = Debug|Any CPU
		{2E8197E4-F65D-4FB3-B035-927B3EA6F602}.Release|Any CPU.ActiveCfg = Release|Any CPU
		{2E8197E4-F65D-4FB3-B035-927B3EA6F602}.Release|Any CPU.Build.0 = Release|Any CPU
		{51894973-CEBD-45DA-890A-4E09C3153C02}.Debug|Any CPU.ActiveCfg = Debug|Any CPU
		{51894973-CEBD-45DA-890A-4E09C3153C02}.Debug|Any CPU.Build.0 = Debug|Any CPU
		{51894973-CEBD-45DA-890A-4E09C3153C02}.Release|Any CPU.ActiveCfg = Release|Any CPU
		{51894973-CEBD-45DA-890A-4E09C3153C02}.Release|Any CPU.Build.0 = Release|Any CPU
		{CFF3B5E5-6D30-45DB-89E9-B8897F645F09}.Debug|Any CPU.ActiveCfg = Debug|Any CPU
		{CFF3B5E5-6D30-45DB-89E9-B8897F645F09}.Debug|Any CPU.Build.0 = Debug|Any CPU
		{CFF3B5E5-6D30-45DB-89E9-B8897F645F09}.Release|Any CPU.ActiveCfg = Release|Any CPU
		{CFF3B5E5-6D30-45DB-89E9-B8897F645F09}.Release|Any CPU.Build.0 = Release|Any CPU
		{07A95A8E-FF5A-45AD-B945-B7E5CBAB9032}.Debug|Any CPU.ActiveCfg = Debug|Any CPU
		{07A95A8E-FF5A-45AD-B945-B7E5CBAB9032}.Debug|Any CPU.Build.0 = Debug|Any CPU
		{07A95A8E-FF5A-45AD-B945-B7E5CBAB9032}.Release|Any CPU.ActiveCfg = Release|Any CPU
		{07A95A8E-FF5A-45AD-B945-B7E5CBAB9032}.Release|Any CPU.Build.0 = Release|Any CPU
		{3A827938-FBAD-48A7-B667-CB59CC50A32B}.Debug|Any CPU.ActiveCfg = Debug|Any CPU
		{3A827938-FBAD-48A7-B667-CB59CC50A32B}.Debug|Any CPU.Build.0 = Debug|Any CPU
		{3A827938-FBAD-48A7-B667-CB59CC50A32B}.Release|Any CPU.ActiveCfg = Release|Any CPU
		{3A827938-FBAD-48A7-B667-CB59CC50A32B}.Release|Any CPU.Build.0 = Release|Any CPU
		{6348EB03-15C2-4C75-8163-044A4DF7CBA9}.Debug|Any CPU.ActiveCfg = Debug|Any CPU
		{6348EB03-15C2-4C75-8163-044A4DF7CBA9}.Debug|Any CPU.Build.0 = Debug|Any CPU
		{6348EB03-15C2-4C75-8163-044A4DF7CBA9}.Release|Any CPU.ActiveCfg = Release|Any CPU
		{6348EB03-15C2-4C75-8163-044A4DF7CBA9}.Release|Any CPU.Build.0 = Release|Any CPU
		{92DD5729-6FC6-4268-9ABB-991D93A85EC6}.Debug|Any CPU.ActiveCfg = Debug|Any CPU
		{92DD5729-6FC6-4268-9ABB-991D93A85EC6}.Debug|Any CPU.Build.0 = Debug|Any CPU
		{92DD5729-6FC6-4268-9ABB-991D93A85EC6}.Release|Any CPU.ActiveCfg = Release|Any CPU
		{92DD5729-6FC6-4268-9ABB-991D93A85EC6}.Release|Any CPU.Build.0 = Release|Any CPU
		{0722027F-1800-495C-9F98-ABA12B068F5F}.Debug|Any CPU.ActiveCfg = Debug|Any CPU
		{0722027F-1800-495C-9F98-ABA12B068F5F}.Debug|Any CPU.Build.0 = Debug|Any CPU
		{0722027F-1800-495C-9F98-ABA12B068F5F}.Release|Any CPU.ActiveCfg = Release|Any CPU
		{0722027F-1800-495C-9F98-ABA12B068F5F}.Release|Any CPU.Build.0 = Release|Any CPU
		{1927CA7F-C1E3-421A-9A53-3E1F033D2EC8}.Debug|Any CPU.ActiveCfg = Debug|Any CPU
		{1927CA7F-C1E3-421A-9A53-3E1F033D2EC8}.Debug|Any CPU.Build.0 = Debug|Any CPU
		{1927CA7F-C1E3-421A-9A53-3E1F033D2EC8}.Release|Any CPU.ActiveCfg = Release|Any CPU
		{1927CA7F-C1E3-421A-9A53-3E1F033D2EC8}.Release|Any CPU.Build.0 = Release|Any CPU
		{A438E4AF-4F09-41EE-950D-DBD2AD31DF82}.Debug|Any CPU.ActiveCfg = Debug|Any CPU
		{A438E4AF-4F09-41EE-950D-DBD2AD31DF82}.Debug|Any CPU.Build.0 = Debug|Any CPU
		{A438E4AF-4F09-41EE-950D-DBD2AD31DF82}.Release|Any CPU.ActiveCfg = Release|Any CPU
		{A438E4AF-4F09-41EE-950D-DBD2AD31DF82}.Release|Any CPU.Build.0 = Release|Any CPU
		{0E7AB4C9-B8B8-47C2-B5BC-6840684F8DE7}.Debug|Any CPU.ActiveCfg = Debug|Any CPU
		{0E7AB4C9-B8B8-47C2-B5BC-6840684F8DE7}.Debug|Any CPU.Build.0 = Debug|Any CPU
		{0E7AB4C9-B8B8-47C2-B5BC-6840684F8DE7}.Release|Any CPU.ActiveCfg = Release|Any CPU
		{0E7AB4C9-B8B8-47C2-B5BC-6840684F8DE7}.Release|Any CPU.Build.0 = Release|Any CPU
		{F670E684-2D27-40E3-BE9F-24D1168999BC}.Debug|Any CPU.ActiveCfg = Debug|Any CPU
		{F670E684-2D27-40E3-BE9F-24D1168999BC}.Debug|Any CPU.Build.0 = Debug|Any CPU
		{F670E684-2D27-40E3-BE9F-24D1168999BC}.Release|Any CPU.ActiveCfg = Release|Any CPU
		{F670E684-2D27-40E3-BE9F-24D1168999BC}.Release|Any CPU.Build.0 = Release|Any CPU
	EndGlobalSection
	GlobalSection(SolutionProperties) = preSolution
		HideSolutionNode = FALSE
	EndGlobalSection
	GlobalSection(NestedProjects) = preSolution
		{7C3581B3-BC3D-4557-8245-0E6392F45611} = {2EA9361A-23EA-4A5E-8612-DF1F774AAEF3}
		{6B627665-E682-4884-A5D5-41386DF8DB2D} = {2EA9361A-23EA-4A5E-8612-DF1F774AAEF3}
		{E87829FE-B275-4821-9105-1B00166286AC} = {2EA9361A-23EA-4A5E-8612-DF1F774AAEF3}
		{CD275285-BA98-45FC-9289-0302CEBA8F3B} = {2EA9361A-23EA-4A5E-8612-DF1F774AAEF3}
		{B4B3A523-C649-4367-8781-879A896FB797} = {2EA9361A-23EA-4A5E-8612-DF1F774AAEF3}
		{4FE23459-C5C8-4321-9F38-4D4302583868} = {2EA9361A-23EA-4A5E-8612-DF1F774AAEF3}
		{447FAF75-A015-41D8-B7D5-BCBF300B248A} = {2EA9361A-23EA-4A5E-8612-DF1F774AAEF3}
		{A426D0B5-3C9F-4F15-9A87-77E35E6765EB} = {2EA9361A-23EA-4A5E-8612-DF1F774AAEF3}
		{1DB04FDC-F260-4C71-83F6-36F4836D07FE} = {2EA9361A-23EA-4A5E-8612-DF1F774AAEF3}
		{F76F01E1-CDE7-4B05-822B-037BCE521D03} = {2EA9361A-23EA-4A5E-8612-DF1F774AAEF3}
		{F561D29A-69BD-4523-B08D-051F2D873292} = {2EA9361A-23EA-4A5E-8612-DF1F774AAEF3}
		{5252A17B-77D0-46E5-9F33-CAB76A7257A2} = {2EA9361A-23EA-4A5E-8612-DF1F774AAEF3}
		{1ED211B9-AEA2-4BE0-80A9-881A441682D1} = {E37410B3-6E79-454D-A4C4-183440F7190F}
		{BF062EDB-25C6-4B01-A15E-0DDB4BEC4562} = {E37410B3-6E79-454D-A4C4-183440F7190F}
		{8FB8688D-2EBB-4B6F-9E6C-FCF35B8D1056} = {E37410B3-6E79-454D-A4C4-183440F7190F}
		{2BE7167F-7EF1-442F-A62D-D5F095CFED2D} = {E37410B3-6E79-454D-A4C4-183440F7190F}
		{2E8197E4-F65D-4FB3-B035-927B3EA6F602} = {E37410B3-6E79-454D-A4C4-183440F7190F}
		{51894973-CEBD-45DA-890A-4E09C3153C02} = {E37410B3-6E79-454D-A4C4-183440F7190F}
		{CFF3B5E5-6D30-45DB-89E9-B8897F645F09} = {E37410B3-6E79-454D-A4C4-183440F7190F}
		{07A95A8E-FF5A-45AD-B945-B7E5CBAB9032} = {E37410B3-6E79-454D-A4C4-183440F7190F}
		{3A827938-FBAD-48A7-B667-CB59CC50A32B} = {2EA9361A-23EA-4A5E-8612-DF1F774AAEF3}
		{6348EB03-15C2-4C75-8163-044A4DF7CBA9} = {E37410B3-6E79-454D-A4C4-183440F7190F}
		{92DD5729-6FC6-4268-9ABB-991D93A85EC6} = {2EA9361A-23EA-4A5E-8612-DF1F774AAEF3}
		{0722027F-1800-495C-9F98-ABA12B068F5F} = {2EA9361A-23EA-4A5E-8612-DF1F774AAEF3}
		{1927CA7F-C1E3-421A-9A53-3E1F033D2EC8} = {2EA9361A-23EA-4A5E-8612-DF1F774AAEF3}
		{A438E4AF-4F09-41EE-950D-DBD2AD31DF82} = {E37410B3-6E79-454D-A4C4-183440F7190F}
		{0E7AB4C9-B8B8-47C2-B5BC-6840684F8DE7} = {2EA9361A-23EA-4A5E-8612-DF1F774AAEF3}
		{F670E684-2D27-40E3-BE9F-24D1168999BC} = {E37410B3-6E79-454D-A4C4-183440F7190F}
	EndGlobalSection
	GlobalSection(ExtensibilityGlobals) = postSolution
		SolutionGuid = {644439D9-293D-43F0-9991-9B01B933485A}
	EndGlobalSection
EndGlobal
