
Microsoft Visual Studio Solution File, Format Version 12.00
# Visual Studio 15
VisualStudioVersion = 15.0.28010.2003
MinimumVisualStudioVersion = 10.0.40219.1
Project("{2150E333-8FDC-42A3-9474-1A3956D46DE8}") = "src", "src", "{2EA9361A-23EA-4A5E-8612-DF1F774AAEF3}"
EndProject
Project("{2150E333-8FDC-42A3-9474-1A3956D46DE8}") = "test", "test", "{E37410B3-6E79-454D-A4C4-183440F7190F}"
EndProject
Project("{2150E333-8FDC-42A3-9474-1A3956D46DE8}") = "samples", "samples", "{40D6AC2A-57AD-476D-99B0-AC1B7929C3F8}"
EndProject
Project("{2150E333-8FDC-42A3-9474-1A3956D46DE8}") = "customerSample", "customerSample", "{FC48D130-1876-40AF-9ABD-DE72EACF647E}"
EndProject
Project("{9A19103F-16F7-4668-BE54-9A1E7A4F7556}") = "Galaxy", "src\Galaxy\Galaxy.csproj", "{ED7F1118-9CFC-4F30-AEF1-A50A9C36CD62}"
EndProject
Project("{9A19103F-16F7-4668-BE54-9A1E7A4F7556}") = "Galaxy.AutoMapper", "src\Galaxy.AutoMapper\Galaxy.AutoMapper.csproj", "{07309675-F324-46D2-A3A8-DD279FE041FF}"
EndProject
Project("{9A19103F-16F7-4668-BE54-9A1E7A4F7556}") = "Galaxy.Dapper", "src\Galaxy.Dapper\Galaxy.Dapper.csproj", "{C1D846D6-AF4C-4261-ADD3-463846D626C1}"
EndProject
Project("{9A19103F-16F7-4668-BE54-9A1E7A4F7556}") = "Galaxy.EntityFrameworkCore", "src\Galaxy.EntityFrameworkCore\Galaxy.EntityFrameworkCore.csproj", "{444AC006-BCD3-43F1-8C55-ECE8EBFD77B3}"
EndProject
Project("{9A19103F-16F7-4668-BE54-9A1E7A4F7556}") = "Galaxy.EventBusRabbitMQ", "src\Galaxy.EventBusRabbitMQ\Galaxy.EventBusRabbitMQ.csproj", "{DCF44719-8C5F-48C7-A345-4480F7525E49}"
EndProject
Project("{9A19103F-16F7-4668-BE54-9A1E7A4F7556}") = "Galaxy.FluentValidation", "src\Galaxy.FluentValidation\Galaxy.FluentValidation.csproj", "{BF231010-9E1E-42F6-A32E-6777EFB26CD8}"
EndProject
Project("{9A19103F-16F7-4668-BE54-9A1E7A4F7556}") = "Galaxy.HangFire", "src\Galaxy.HangFire\Galaxy.HangFire.csproj", "{8328AFF4-CD35-45CC-8E29-E07BD6391719}"
EndProject
Project("{9A19103F-16F7-4668-BE54-9A1E7A4F7556}") = "Galaxy.HealthChecks", "src\Galaxy.HealthChecks\Galaxy.HealthChecks.csproj", "{C7FC0040-2812-4C83-81B1-9BA236731E82}"
EndProject
Project("{9A19103F-16F7-4668-BE54-9A1E7A4F7556}") = "Galaxy.Identity", "src\Galaxy.Identity\Galaxy.Identity.csproj", "{0E73FE1C-700C-4DAC-9569-93F3820B91CF}"
EndProject
Project("{9A19103F-16F7-4668-BE54-9A1E7A4F7556}") = "Galaxy.Mapster", "src\Galaxy.Mapster\Galaxy.Mapster.csproj", "{BCEC9932-3959-48A4-8C74-015A3247E955}"
EndProject
Project("{9A19103F-16F7-4668-BE54-9A1E7A4F7556}") = "Galaxy.MassTransit", "src\Galaxy.MassTransit\Galaxy.MassTransit.csproj", "{4E54EEDD-22C4-485B-88AE-F5C055500E5A}"
EndProject
Project("{9A19103F-16F7-4668-BE54-9A1E7A4F7556}") = "Galaxy.NServiceBus", "src\Galaxy.NServiceBus\Galaxy.NServiceBus.csproj", "{CC45DB72-11E9-4D3B-BC82-002AC53A74CC}"
EndProject
Project("{9A19103F-16F7-4668-BE54-9A1E7A4F7556}") = "Galaxy.Redis", "src\Galaxy.Redis\Galaxy.Redis.csproj", "{17861078-F2B3-4CA0-BE59-8C6DB18177B1}"
EndProject
Project("{9A19103F-16F7-4668-BE54-9A1E7A4F7556}") = "Galaxy.Resilence", "src\Galaxy.Resilence\Galaxy.Resilence.csproj", "{3E06C0B6-1921-48A4-8A51-8D0A09E1B7D9}"
EndProject
Project("{9A19103F-16F7-4668-BE54-9A1E7A4F7556}") = "Galaxy.Serilog", "src\Galaxy.Serilog\Galaxy.Serilog.csproj", "{85C03A0D-DEBE-4134-B212-E47781B5442B}"
EndProject
Project("{9A19103F-16F7-4668-BE54-9A1E7A4F7556}") = "Galaxy.AutoMapper.Tests", "test\Galaxy.AutoMapper.Tests\Galaxy.AutoMapper.Tests.csproj", "{F03CB8A2-618F-4731-810A-180758B5F3C7}"
EndProject
Project("{9A19103F-16F7-4668-BE54-9A1E7A4F7556}") = "Galaxy.Dapper.Tests", "test\Galaxy.Dapper.Tests\Galaxy.Dapper.Tests.csproj", "{CD24EC35-927C-462C-AB69-E995DE34BDF1}"
EndProject
Project("{9A19103F-16F7-4668-BE54-9A1E7A4F7556}") = "Galaxy.EntityFrameworkCore.Tests", "test\Galaxy.EntityFrameworkCore.Tests\Galaxy.EntityFrameworkCore.Tests.csproj", "{A248F870-A996-4B41-A48D-7A0C32E29F6E}"
EndProject
Project("{9A19103F-16F7-4668-BE54-9A1E7A4F7556}") = "Galaxy.FluentValidation.Tests", "test\Galaxy.FluentValidation.Tests\Galaxy.FluentValidation.Tests.csproj", "{0600081F-69A8-48B0-8A03-F74714DCDF69}"
EndProject
Project("{9A19103F-16F7-4668-BE54-9A1E7A4F7556}") = "Galaxy.HangFire.Tests", "test\Galaxy.HangFire.Tests\Galaxy.HangFire.Tests.csproj", "{AA47DB52-9E0A-49FE-B18A-688D2F2A3150}"
EndProject
Project("{9A19103F-16F7-4668-BE54-9A1E7A4F7556}") = "Galaxy.Identity.Tests", "test\Galaxy.Identity.Tests\Galaxy.Identity.Tests.csproj", "{9BFF223C-9996-41A4-BFBC-14BAFBC04931}"
EndProject
Project("{9A19103F-16F7-4668-BE54-9A1E7A4F7556}") = "Galaxy.Mapster.Tests", "test\Galaxy.Mapster.Tests\Galaxy.Mapster.Tests.csproj", "{20DEF53C-BEB1-4E32-9A25-A453CB1695A3}"
EndProject
Project("{9A19103F-16F7-4668-BE54-9A1E7A4F7556}") = "Galaxy.MassTransit.Tests", "test\Galaxy.MassTransit.Tests\Galaxy.MassTransit.Tests.csproj", "{5273DC3B-FCBE-4F7B-A20F-11498FD0226B}"
EndProject
Project("{9A19103F-16F7-4668-BE54-9A1E7A4F7556}") = "Galaxy.Nhibernate.Tests", "test\Galaxy.Nhibernate.Tests\Galaxy.Nhibernate.Tests.csproj", "{498DDD9E-F63E-48BA-AFCB-83786D8F92EF}"
EndProject
Project("{9A19103F-16F7-4668-BE54-9A1E7A4F7556}") = "Galaxy.Redis.Tests", "test\Galaxy.Redis.Tests\Galaxy.Redis.Tests.csproj", "{0406291A-8C03-4BA6-91BA-77763724687A}"
EndProject
Project("{9A19103F-16F7-4668-BE54-9A1E7A4F7556}") = "Galaxy.Serilog.Tests", "test\Galaxy.Serilog.Tests\Galaxy.Serilog.Tests.csproj", "{51957F03-1640-4E24-936B-CA8F8F009130}"
EndProject
Project("{9A19103F-16F7-4668-BE54-9A1E7A4F7556}") = "Galaxy.Tests", "test\Galaxy.Tests\Galaxy.Tests.csproj", "{2B1C2DA3-6BDF-444C-98E9-D967FF5C3CC2}"
EndProject
Project("{9A19103F-16F7-4668-BE54-9A1E7A4F7556}") = "Galaxy.MongoDB", "src\Galaxy.MongoDB\Galaxy.MongoDB.csproj", "{AD61D360-6692-447B-9B71-AC123BE7B5DF}"
EndProject
Project("{9A19103F-16F7-4668-BE54-9A1E7A4F7556}") = "Galaxy.NHibernate", "src\Galaxy.NHibernate\Galaxy.NHibernate.csproj", "{2B89BFF5-B46D-470F-97DC-18DEF8F4A06B}"
EndProject
Project("{2150E333-8FDC-42A3-9474-1A3956D46DE8}") = "Application", "Application", "{B53D00C5-97A3-4F61-BA00-92916B04B1B7}"
EndProject
Project("{2150E333-8FDC-42A3-9474-1A3956D46DE8}") = "Common", "Common", "{797FB3D1-44E2-4D0F-ACAB-C75EEABBCE6B}"
EndProject
Project("{2150E333-8FDC-42A3-9474-1A3956D46DE8}") = "Domain", "Domain", "{9A0F0ADD-A7AF-4BEE-872F-21088BB5E850}"
EndProject
Project("{2150E333-8FDC-42A3-9474-1A3956D46DE8}") = "Infrastructure", "Infrastructure", "{C7C9E060-7C4F-4B1B-9B36-6DCC9D84491A}"
EndProject
Project("{9A19103F-16F7-4668-BE54-9A1E7A4F7556}") = "CustomerSample.Infrastructure", "samples\customerSample\Infrastructure\CustomerSample.Infrastructure\CustomerSample.Infrastructure.csproj", "{6377540F-6B09-4FAE-950F-5A129024CDAB}"
EndProject
Project("{9A19103F-16F7-4668-BE54-9A1E7A4F7556}") = "CustomerSample.EFRepositories", "samples\customerSample\Infrastructure\CustomerSample.EFRepositories\CustomerSample.EFRepositories.csproj", "{5250D9B2-6992-4060-AA91-7B1AEEF68AD4}"
EndProject
Project("{9A19103F-16F7-4668-BE54-9A1E7A4F7556}") = "CustomerSample.Domain", "samples\customerSample\Domain\CustomerSample.Domain\CustomerSample.Domain.csproj", "{AA9005D1-11B5-4D52-9712-8A391165DBEA}"
EndProject
Project("{9A19103F-16F7-4668-BE54-9A1E7A4F7556}") = "CustomerSample.Common", "samples\customerSample\Common\CustomerSample.Common\CustomerSample.Common.csproj", "{0918A411-8FC9-4962-848B-28EE0A180749}"
EndProject
Project("{9A19103F-16F7-4668-BE54-9A1E7A4F7556}") = "CustomerSample.Application.Abstractions", "samples\customerSample\Application\CustomerSample.Application.Abstractions\CustomerSample.Application.Abstractions.csproj", "{C6BBBF02-B4FD-4BE3-A5F3-4615C43BA080}"
EndProject
Project("{9A19103F-16F7-4668-BE54-9A1E7A4F7556}") = "CustomerSample.Application", "samples\customerSample\Application\CustomerSample.Application\CustomerSample.Application.csproj", "{546B693A-7A7C-4F31-AEF9-2A9ECBF1CB97}"
EndProject
Project("{9A19103F-16F7-4668-BE54-9A1E7A4F7556}") = "CustomerSample.API.Host", "samples\customerSample\Application\CustomerSample.API.Host\CustomerSample.API.Host.csproj", "{5A23477C-3A85-4D19-B1FB-B330C4177456}"
EndProject
Project("{9A19103F-16F7-4668-BE54-9A1E7A4F7556}") = "Galaxy.Cache", "src\Galaxy.Cache\Galaxy.Cache.csproj", "{DEDA1DB3-593E-4A79-B336-8919D9EEDC91}"
EndProject
Project("{9A19103F-16F7-4668-BE54-9A1E7A4F7556}") = "Galaxy.Cache.Tests", "test\Galaxy.Cache.Tests\Galaxy.Cache.Tests.csproj", "{AB49FC69-6B43-4A11-845C-0D03B4A24D58}"
EndProject
Project("{2150E333-8FDC-42A3-9474-1A3956D46DE8}") = "identitySample", "identitySample", "{7B6B09F8-0956-49E3-A628-2AD9E6ADB036}"
EndProject
Project("{9A19103F-16F7-4668-BE54-9A1E7A4F7556}") = "Galaxy.Resilence.Tests", "test\Galaxy.Resilence.Tests\Galaxy.Resilence.Tests.csproj", "{C19CCAA4-587B-4797-AC28-770F6B12F2E1}"
EndProject
Project("{2150E333-8FDC-42A3-9474-1A3956D46DE8}") = "paymentSample", "paymentSample", "{449A7FF4-6631-40E2-884C-824B4FCD81AE}"
EndProject
Project("{2150E333-8FDC-42A3-9474-1A3956D46DE8}") = "Application", "Application", "{9CD50728-AD3A-4A2C-8992-3504FE983285}"
EndProject
Project("{2150E333-8FDC-42A3-9474-1A3956D46DE8}") = "Domain", "Domain", "{88996C0B-D6DC-4791-B2FC-407C5035B0F2}"
EndProject
Project("{2150E333-8FDC-42A3-9474-1A3956D46DE8}") = "Infrastructure", "Infrastructure", "{D7E6F7E9-2BA4-422E-8C65-2F9A9540B1BE}"
EndProject
Project("{9A19103F-16F7-4668-BE54-9A1E7A4F7556}") = "PaymentSample.Domain", "samples\paymentSample\Domain\PaymentSample.Domain\PaymentSample.Domain.csproj", "{690EE300-7204-4401-9470-D233ACAC60A0}"
EndProject
Project("{9A19103F-16F7-4668-BE54-9A1E7A4F7556}") = "PaymentSample.Application", "samples\paymentSample\Application\PaymentSample.Application\PaymentSample.Application.csproj", "{D36ED760-DD6A-49DC-8998-39BE268325EC}"
EndProject
Project("{9A19103F-16F7-4668-BE54-9A1E7A4F7556}") = "PaymentSample.Infrastructure", "samples\paymentSample\Infrastructure\PaymentSample.Infrastructure\PaymentSample.Infrastructure.csproj", "{9E7688E4-C9B1-4B61-91BC-BB509C305D67}"
EndProject
Project("{9A19103F-16F7-4668-BE54-9A1E7A4F7556}") = "PaymentSample.CommandAPI.Host", "samples\paymentSample\Application\PaymentSample.CommandAPI.Host\PaymentSample.CommandAPI.Host.csproj", "{DD76A5B9-8841-4FC2-896C-CF2461B8C01D}"
EndProject
Project("{9A19103F-16F7-4668-BE54-9A1E7A4F7556}") = "PaymentSample.QueryAPI.Host", "samples\paymentSample\Application\PaymentSample.QueryAPI.Host\PaymentSample.QueryAPI.Host.csproj", "{0F7E0179-5060-44E2-8062-99636A949368}"
EndProject
Project("{9A19103F-16F7-4668-BE54-9A1E7A4F7556}") = "Galaxy.EventStore.Tests", "test\Galaxy.EventStore.Tests\Galaxy.EventStore.Tests.csproj", "{E77036F6-59B6-4680-B27E-733D623584E1}"
EndProject
Project("{9A19103F-16F7-4668-BE54-9A1E7A4F7556}") = "Galaxy.EventStore", "src\Galaxy.EventStore\Galaxy.EventStore.csproj", "{B7234700-43AA-47BE-A45E-718FD972BF4E}"
EndProject
Project("{2150E333-8FDC-42A3-9474-1A3956D46DE8}") = "eventStoreSample", "eventStoreSample", "{B4946AB5-2A9B-4978-A722-A4730BA02BB0}"
EndProject
Project("{9A19103F-16F7-4668-BE54-9A1E7A4F7556}") = "EventStoreSample.CommandAPI.Host", "samples\eventStoreSample\EventStoreSample.CommandAPI.Host\EventStoreSample.CommandAPI.Host.csproj", "{8C3AC20A-7529-4A12-9910-C44B910062EF}"
EndProject
Project("{9A19103F-16F7-4668-BE54-9A1E7A4F7556}") = "EventStoreSample.Application", "samples\eventStoreSample\EventStoreSample.Application\EventStoreSample.Application.csproj", "{FE3AF7CC-245D-4BA5-9DB0-D73B8BF62BC6}"
EndProject
Project("{9A19103F-16F7-4668-BE54-9A1E7A4F7556}") = "EventStoreSample.Domain", "samples\eventStoreSample\EventStoreSample.Domain\EventStoreSample.Domain.csproj", "{6BFA46B5-3AD6-4CAC-807D-D5FEF9C44493}"
EndProject
Project("{9A19103F-16F7-4668-BE54-9A1E7A4F7556}") = "Galaxy.TestBase", "test\Galaxy.TestBase\Galaxy.TestBase.csproj", "{08546A1D-1F6E-4484-946E-2953EBD07C6F}"
EndProject
Project("{9A19103F-16F7-4668-BE54-9A1E7A4F7556}") = "Galaxy.Ocelot.Tests", "test\Galaxy.Ocelot.Tests\Galaxy.Ocelot.Tests.csproj", "{9E15D3D5-457D-4362-9662-332D66E8E88B}"
EndProject
Project("{9A19103F-16F7-4668-BE54-9A1E7A4F7556}") = "Galaxy.Ocelot", "src\Galaxy.Ocelot\Galaxy.Ocelot.csproj", "{CDF14C55-6264-4C99-BA48-6CEDAA156458}"
EndProject
Global
	GlobalSection(SolutionConfigurationPlatforms) = preSolution
		Debug|Any CPU = Debug|Any CPU
		Release|Any CPU = Release|Any CPU
	EndGlobalSection
	GlobalSection(ProjectConfigurationPlatforms) = postSolution
		{ED7F1118-9CFC-4F30-AEF1-A50A9C36CD62}.Debug|Any CPU.ActiveCfg = Debug|Any CPU
		{ED7F1118-9CFC-4F30-AEF1-A50A9C36CD62}.Debug|Any CPU.Build.0 = Debug|Any CPU
		{ED7F1118-9CFC-4F30-AEF1-A50A9C36CD62}.Release|Any CPU.ActiveCfg = Release|Any CPU
		{ED7F1118-9CFC-4F30-AEF1-A50A9C36CD62}.Release|Any CPU.Build.0 = Release|Any CPU
		{07309675-F324-46D2-A3A8-DD279FE041FF}.Debug|Any CPU.ActiveCfg = Debug|Any CPU
		{07309675-F324-46D2-A3A8-DD279FE041FF}.Debug|Any CPU.Build.0 = Debug|Any CPU
		{07309675-F324-46D2-A3A8-DD279FE041FF}.Release|Any CPU.ActiveCfg = Release|Any CPU
		{07309675-F324-46D2-A3A8-DD279FE041FF}.Release|Any CPU.Build.0 = Release|Any CPU
		{C1D846D6-AF4C-4261-ADD3-463846D626C1}.Debug|Any CPU.ActiveCfg = Debug|Any CPU
		{C1D846D6-AF4C-4261-ADD3-463846D626C1}.Debug|Any CPU.Build.0 = Debug|Any CPU
		{C1D846D6-AF4C-4261-ADD3-463846D626C1}.Release|Any CPU.ActiveCfg = Release|Any CPU
		{C1D846D6-AF4C-4261-ADD3-463846D626C1}.Release|Any CPU.Build.0 = Release|Any CPU
		{444AC006-BCD3-43F1-8C55-ECE8EBFD77B3}.Debug|Any CPU.ActiveCfg = Debug|Any CPU
		{444AC006-BCD3-43F1-8C55-ECE8EBFD77B3}.Debug|Any CPU.Build.0 = Debug|Any CPU
		{444AC006-BCD3-43F1-8C55-ECE8EBFD77B3}.Release|Any CPU.ActiveCfg = Release|Any CPU
		{444AC006-BCD3-43F1-8C55-ECE8EBFD77B3}.Release|Any CPU.Build.0 = Release|Any CPU
		{DCF44719-8C5F-48C7-A345-4480F7525E49}.Debug|Any CPU.ActiveCfg = Debug|Any CPU
		{DCF44719-8C5F-48C7-A345-4480F7525E49}.Debug|Any CPU.Build.0 = Debug|Any CPU
		{DCF44719-8C5F-48C7-A345-4480F7525E49}.Release|Any CPU.ActiveCfg = Release|Any CPU
		{DCF44719-8C5F-48C7-A345-4480F7525E49}.Release|Any CPU.Build.0 = Release|Any CPU
		{BF231010-9E1E-42F6-A32E-6777EFB26CD8}.Debug|Any CPU.ActiveCfg = Debug|Any CPU
		{BF231010-9E1E-42F6-A32E-6777EFB26CD8}.Debug|Any CPU.Build.0 = Debug|Any CPU
		{BF231010-9E1E-42F6-A32E-6777EFB26CD8}.Release|Any CPU.ActiveCfg = Release|Any CPU
		{BF231010-9E1E-42F6-A32E-6777EFB26CD8}.Release|Any CPU.Build.0 = Release|Any CPU
		{8328AFF4-CD35-45CC-8E29-E07BD6391719}.Debug|Any CPU.ActiveCfg = Debug|Any CPU
		{8328AFF4-CD35-45CC-8E29-E07BD6391719}.Debug|Any CPU.Build.0 = Debug|Any CPU
		{8328AFF4-CD35-45CC-8E29-E07BD6391719}.Release|Any CPU.ActiveCfg = Release|Any CPU
		{8328AFF4-CD35-45CC-8E29-E07BD6391719}.Release|Any CPU.Build.0 = Release|Any CPU
		{C7FC0040-2812-4C83-81B1-9BA236731E82}.Debug|Any CPU.ActiveCfg = Debug|Any CPU
		{C7FC0040-2812-4C83-81B1-9BA236731E82}.Debug|Any CPU.Build.0 = Debug|Any CPU
		{C7FC0040-2812-4C83-81B1-9BA236731E82}.Release|Any CPU.ActiveCfg = Release|Any CPU
		{C7FC0040-2812-4C83-81B1-9BA236731E82}.Release|Any CPU.Build.0 = Release|Any CPU
		{0E73FE1C-700C-4DAC-9569-93F3820B91CF}.Debug|Any CPU.ActiveCfg = Debug|Any CPU
		{0E73FE1C-700C-4DAC-9569-93F3820B91CF}.Debug|Any CPU.Build.0 = Debug|Any CPU
		{0E73FE1C-700C-4DAC-9569-93F3820B91CF}.Release|Any CPU.ActiveCfg = Release|Any CPU
		{0E73FE1C-700C-4DAC-9569-93F3820B91CF}.Release|Any CPU.Build.0 = Release|Any CPU
		{BCEC9932-3959-48A4-8C74-015A3247E955}.Debug|Any CPU.ActiveCfg = Debug|Any CPU
		{BCEC9932-3959-48A4-8C74-015A3247E955}.Debug|Any CPU.Build.0 = Debug|Any CPU
		{BCEC9932-3959-48A4-8C74-015A3247E955}.Release|Any CPU.ActiveCfg = Release|Any CPU
		{BCEC9932-3959-48A4-8C74-015A3247E955}.Release|Any CPU.Build.0 = Release|Any CPU
		{4E54EEDD-22C4-485B-88AE-F5C055500E5A}.Debug|Any CPU.ActiveCfg = Debug|Any CPU
		{4E54EEDD-22C4-485B-88AE-F5C055500E5A}.Debug|Any CPU.Build.0 = Debug|Any CPU
		{4E54EEDD-22C4-485B-88AE-F5C055500E5A}.Release|Any CPU.ActiveCfg = Release|Any CPU
		{4E54EEDD-22C4-485B-88AE-F5C055500E5A}.Release|Any CPU.Build.0 = Release|Any CPU
		{CC45DB72-11E9-4D3B-BC82-002AC53A74CC}.Debug|Any CPU.ActiveCfg = Debug|Any CPU
		{CC45DB72-11E9-4D3B-BC82-002AC53A74CC}.Debug|Any CPU.Build.0 = Debug|Any CPU
		{CC45DB72-11E9-4D3B-BC82-002AC53A74CC}.Release|Any CPU.ActiveCfg = Release|Any CPU
		{CC45DB72-11E9-4D3B-BC82-002AC53A74CC}.Release|Any CPU.Build.0 = Release|Any CPU
		{17861078-F2B3-4CA0-BE59-8C6DB18177B1}.Debug|Any CPU.ActiveCfg = Debug|Any CPU
		{17861078-F2B3-4CA0-BE59-8C6DB18177B1}.Debug|Any CPU.Build.0 = Debug|Any CPU
		{17861078-F2B3-4CA0-BE59-8C6DB18177B1}.Release|Any CPU.ActiveCfg = Release|Any CPU
		{17861078-F2B3-4CA0-BE59-8C6DB18177B1}.Release|Any CPU.Build.0 = Release|Any CPU
		{3E06C0B6-1921-48A4-8A51-8D0A09E1B7D9}.Debug|Any CPU.ActiveCfg = Debug|Any CPU
		{3E06C0B6-1921-48A4-8A51-8D0A09E1B7D9}.Debug|Any CPU.Build.0 = Debug|Any CPU
		{3E06C0B6-1921-48A4-8A51-8D0A09E1B7D9}.Release|Any CPU.ActiveCfg = Release|Any CPU
		{3E06C0B6-1921-48A4-8A51-8D0A09E1B7D9}.Release|Any CPU.Build.0 = Release|Any CPU
		{85C03A0D-DEBE-4134-B212-E47781B5442B}.Debug|Any CPU.ActiveCfg = Debug|Any CPU
		{85C03A0D-DEBE-4134-B212-E47781B5442B}.Debug|Any CPU.Build.0 = Debug|Any CPU
		{85C03A0D-DEBE-4134-B212-E47781B5442B}.Release|Any CPU.ActiveCfg = Release|Any CPU
		{85C03A0D-DEBE-4134-B212-E47781B5442B}.Release|Any CPU.Build.0 = Release|Any CPU
		{F03CB8A2-618F-4731-810A-180758B5F3C7}.Debug|Any CPU.ActiveCfg = Debug|Any CPU
		{F03CB8A2-618F-4731-810A-180758B5F3C7}.Debug|Any CPU.Build.0 = Debug|Any CPU
		{F03CB8A2-618F-4731-810A-180758B5F3C7}.Release|Any CPU.ActiveCfg = Release|Any CPU
		{F03CB8A2-618F-4731-810A-180758B5F3C7}.Release|Any CPU.Build.0 = Release|Any CPU
		{CD24EC35-927C-462C-AB69-E995DE34BDF1}.Debug|Any CPU.ActiveCfg = Debug|Any CPU
		{CD24EC35-927C-462C-AB69-E995DE34BDF1}.Debug|Any CPU.Build.0 = Debug|Any CPU
		{CD24EC35-927C-462C-AB69-E995DE34BDF1}.Release|Any CPU.ActiveCfg = Release|Any CPU
		{CD24EC35-927C-462C-AB69-E995DE34BDF1}.Release|Any CPU.Build.0 = Release|Any CPU
		{A248F870-A996-4B41-A48D-7A0C32E29F6E}.Debug|Any CPU.ActiveCfg = Debug|Any CPU
		{A248F870-A996-4B41-A48D-7A0C32E29F6E}.Debug|Any CPU.Build.0 = Debug|Any CPU
		{A248F870-A996-4B41-A48D-7A0C32E29F6E}.Release|Any CPU.ActiveCfg = Release|Any CPU
		{A248F870-A996-4B41-A48D-7A0C32E29F6E}.Release|Any CPU.Build.0 = Release|Any CPU
		{0600081F-69A8-48B0-8A03-F74714DCDF69}.Debug|Any CPU.ActiveCfg = Debug|Any CPU
		{0600081F-69A8-48B0-8A03-F74714DCDF69}.Debug|Any CPU.Build.0 = Debug|Any CPU
		{0600081F-69A8-48B0-8A03-F74714DCDF69}.Release|Any CPU.ActiveCfg = Release|Any CPU
		{0600081F-69A8-48B0-8A03-F74714DCDF69}.Release|Any CPU.Build.0 = Release|Any CPU
		{AA47DB52-9E0A-49FE-B18A-688D2F2A3150}.Debug|Any CPU.ActiveCfg = Debug|Any CPU
		{AA47DB52-9E0A-49FE-B18A-688D2F2A3150}.Debug|Any CPU.Build.0 = Debug|Any CPU
		{AA47DB52-9E0A-49FE-B18A-688D2F2A3150}.Release|Any CPU.ActiveCfg = Release|Any CPU
		{AA47DB52-9E0A-49FE-B18A-688D2F2A3150}.Release|Any CPU.Build.0 = Release|Any CPU
		{9BFF223C-9996-41A4-BFBC-14BAFBC04931}.Debug|Any CPU.ActiveCfg = Debug|Any CPU
		{9BFF223C-9996-41A4-BFBC-14BAFBC04931}.Debug|Any CPU.Build.0 = Debug|Any CPU
		{9BFF223C-9996-41A4-BFBC-14BAFBC04931}.Release|Any CPU.ActiveCfg = Release|Any CPU
		{9BFF223C-9996-41A4-BFBC-14BAFBC04931}.Release|Any CPU.Build.0 = Release|Any CPU
		{20DEF53C-BEB1-4E32-9A25-A453CB1695A3}.Debug|Any CPU.ActiveCfg = Debug|Any CPU
		{20DEF53C-BEB1-4E32-9A25-A453CB1695A3}.Debug|Any CPU.Build.0 = Debug|Any CPU
		{20DEF53C-BEB1-4E32-9A25-A453CB1695A3}.Release|Any CPU.ActiveCfg = Release|Any CPU
		{20DEF53C-BEB1-4E32-9A25-A453CB1695A3}.Release|Any CPU.Build.0 = Release|Any CPU
		{5273DC3B-FCBE-4F7B-A20F-11498FD0226B}.Debug|Any CPU.ActiveCfg = Debug|Any CPU
		{5273DC3B-FCBE-4F7B-A20F-11498FD0226B}.Debug|Any CPU.Build.0 = Debug|Any CPU
		{5273DC3B-FCBE-4F7B-A20F-11498FD0226B}.Release|Any CPU.ActiveCfg = Release|Any CPU
		{5273DC3B-FCBE-4F7B-A20F-11498FD0226B}.Release|Any CPU.Build.0 = Release|Any CPU
		{498DDD9E-F63E-48BA-AFCB-83786D8F92EF}.Debug|Any CPU.ActiveCfg = Debug|Any CPU
		{498DDD9E-F63E-48BA-AFCB-83786D8F92EF}.Debug|Any CPU.Build.0 = Debug|Any CPU
		{498DDD9E-F63E-48BA-AFCB-83786D8F92EF}.Release|Any CPU.ActiveCfg = Release|Any CPU
		{498DDD9E-F63E-48BA-AFCB-83786D8F92EF}.Release|Any CPU.Build.0 = Release|Any CPU
		{0406291A-8C03-4BA6-91BA-77763724687A}.Debug|Any CPU.ActiveCfg = Debug|Any CPU
		{0406291A-8C03-4BA6-91BA-77763724687A}.Debug|Any CPU.Build.0 = Debug|Any CPU
		{0406291A-8C03-4BA6-91BA-77763724687A}.Release|Any CPU.ActiveCfg = Release|Any CPU
		{0406291A-8C03-4BA6-91BA-77763724687A}.Release|Any CPU.Build.0 = Release|Any CPU
		{51957F03-1640-4E24-936B-CA8F8F009130}.Debug|Any CPU.ActiveCfg = Debug|Any CPU
		{51957F03-1640-4E24-936B-CA8F8F009130}.Debug|Any CPU.Build.0 = Debug|Any CPU
		{51957F03-1640-4E24-936B-CA8F8F009130}.Release|Any CPU.ActiveCfg = Release|Any CPU
		{51957F03-1640-4E24-936B-CA8F8F009130}.Release|Any CPU.Build.0 = Release|Any CPU
		{2B1C2DA3-6BDF-444C-98E9-D967FF5C3CC2}.Debug|Any CPU.ActiveCfg = Debug|Any CPU
		{2B1C2DA3-6BDF-444C-98E9-D967FF5C3CC2}.Debug|Any CPU.Build.0 = Debug|Any CPU
		{2B1C2DA3-6BDF-444C-98E9-D967FF5C3CC2}.Release|Any CPU.ActiveCfg = Release|Any CPU
		{2B1C2DA3-6BDF-444C-98E9-D967FF5C3CC2}.Release|Any CPU.Build.0 = Release|Any CPU
		{AD61D360-6692-447B-9B71-AC123BE7B5DF}.Debug|Any CPU.ActiveCfg = Debug|Any CPU
		{AD61D360-6692-447B-9B71-AC123BE7B5DF}.Debug|Any CPU.Build.0 = Debug|Any CPU
		{AD61D360-6692-447B-9B71-AC123BE7B5DF}.Release|Any CPU.ActiveCfg = Release|Any CPU
		{AD61D360-6692-447B-9B71-AC123BE7B5DF}.Release|Any CPU.Build.0 = Release|Any CPU
		{2B89BFF5-B46D-470F-97DC-18DEF8F4A06B}.Debug|Any CPU.ActiveCfg = Debug|Any CPU
		{2B89BFF5-B46D-470F-97DC-18DEF8F4A06B}.Debug|Any CPU.Build.0 = Debug|Any CPU
		{2B89BFF5-B46D-470F-97DC-18DEF8F4A06B}.Release|Any CPU.ActiveCfg = Release|Any CPU
		{2B89BFF5-B46D-470F-97DC-18DEF8F4A06B}.Release|Any CPU.Build.0 = Release|Any CPU
		{6377540F-6B09-4FAE-950F-5A129024CDAB}.Debug|Any CPU.ActiveCfg = Debug|Any CPU
		{6377540F-6B09-4FAE-950F-5A129024CDAB}.Debug|Any CPU.Build.0 = Debug|Any CPU
		{6377540F-6B09-4FAE-950F-5A129024CDAB}.Release|Any CPU.ActiveCfg = Release|Any CPU
		{6377540F-6B09-4FAE-950F-5A129024CDAB}.Release|Any CPU.Build.0 = Release|Any CPU
		{5250D9B2-6992-4060-AA91-7B1AEEF68AD4}.Debug|Any CPU.ActiveCfg = Debug|Any CPU
		{5250D9B2-6992-4060-AA91-7B1AEEF68AD4}.Debug|Any CPU.Build.0 = Debug|Any CPU
		{5250D9B2-6992-4060-AA91-7B1AEEF68AD4}.Release|Any CPU.ActiveCfg = Release|Any CPU
		{5250D9B2-6992-4060-AA91-7B1AEEF68AD4}.Release|Any CPU.Build.0 = Release|Any CPU
		{AA9005D1-11B5-4D52-9712-8A391165DBEA}.Debug|Any CPU.ActiveCfg = Debug|Any CPU
		{AA9005D1-11B5-4D52-9712-8A391165DBEA}.Debug|Any CPU.Build.0 = Debug|Any CPU
		{AA9005D1-11B5-4D52-9712-8A391165DBEA}.Release|Any CPU.ActiveCfg = Release|Any CPU
		{AA9005D1-11B5-4D52-9712-8A391165DBEA}.Release|Any CPU.Build.0 = Release|Any CPU
		{0918A411-8FC9-4962-848B-28EE0A180749}.Debug|Any CPU.ActiveCfg = Debug|Any CPU
		{0918A411-8FC9-4962-848B-28EE0A180749}.Debug|Any CPU.Build.0 = Debug|Any CPU
		{0918A411-8FC9-4962-848B-28EE0A180749}.Release|Any CPU.ActiveCfg = Release|Any CPU
		{0918A411-8FC9-4962-848B-28EE0A180749}.Release|Any CPU.Build.0 = Release|Any CPU
		{C6BBBF02-B4FD-4BE3-A5F3-4615C43BA080}.Debug|Any CPU.ActiveCfg = Debug|Any CPU
		{C6BBBF02-B4FD-4BE3-A5F3-4615C43BA080}.Debug|Any CPU.Build.0 = Debug|Any CPU
		{C6BBBF02-B4FD-4BE3-A5F3-4615C43BA080}.Release|Any CPU.ActiveCfg = Release|Any CPU
		{C6BBBF02-B4FD-4BE3-A5F3-4615C43BA080}.Release|Any CPU.Build.0 = Release|Any CPU
		{546B693A-7A7C-4F31-AEF9-2A9ECBF1CB97}.Debug|Any CPU.ActiveCfg = Debug|Any CPU
		{546B693A-7A7C-4F31-AEF9-2A9ECBF1CB97}.Debug|Any CPU.Build.0 = Debug|Any CPU
		{546B693A-7A7C-4F31-AEF9-2A9ECBF1CB97}.Release|Any CPU.ActiveCfg = Release|Any CPU
		{546B693A-7A7C-4F31-AEF9-2A9ECBF1CB97}.Release|Any CPU.Build.0 = Release|Any CPU
		{5A23477C-3A85-4D19-B1FB-B330C4177456}.Debug|Any CPU.ActiveCfg = Debug|Any CPU
		{5A23477C-3A85-4D19-B1FB-B330C4177456}.Debug|Any CPU.Build.0 = Debug|Any CPU
		{5A23477C-3A85-4D19-B1FB-B330C4177456}.Release|Any CPU.ActiveCfg = Release|Any CPU
		{5A23477C-3A85-4D19-B1FB-B330C4177456}.Release|Any CPU.Build.0 = Release|Any CPU
		{DEDA1DB3-593E-4A79-B336-8919D9EEDC91}.Debug|Any CPU.ActiveCfg = Debug|Any CPU
		{DEDA1DB3-593E-4A79-B336-8919D9EEDC91}.Debug|Any CPU.Build.0 = Debug|Any CPU
		{DEDA1DB3-593E-4A79-B336-8919D9EEDC91}.Release|Any CPU.ActiveCfg = Release|Any CPU
		{DEDA1DB3-593E-4A79-B336-8919D9EEDC91}.Release|Any CPU.Build.0 = Release|Any CPU
		{AB49FC69-6B43-4A11-845C-0D03B4A24D58}.Debug|Any CPU.ActiveCfg = Debug|Any CPU
		{AB49FC69-6B43-4A11-845C-0D03B4A24D58}.Debug|Any CPU.Build.0 = Debug|Any CPU
		{AB49FC69-6B43-4A11-845C-0D03B4A24D58}.Release|Any CPU.ActiveCfg = Release|Any CPU
		{AB49FC69-6B43-4A11-845C-0D03B4A24D58}.Release|Any CPU.Build.0 = Release|Any CPU
		{C19CCAA4-587B-4797-AC28-770F6B12F2E1}.Debug|Any CPU.ActiveCfg = Debug|Any CPU
		{C19CCAA4-587B-4797-AC28-770F6B12F2E1}.Debug|Any CPU.Build.0 = Debug|Any CPU
		{C19CCAA4-587B-4797-AC28-770F6B12F2E1}.Release|Any CPU.ActiveCfg = Release|Any CPU
		{C19CCAA4-587B-4797-AC28-770F6B12F2E1}.Release|Any CPU.Build.0 = Release|Any CPU
		{690EE300-7204-4401-9470-D233ACAC60A0}.Debug|Any CPU.ActiveCfg = Debug|Any CPU
		{690EE300-7204-4401-9470-D233ACAC60A0}.Debug|Any CPU.Build.0 = Debug|Any CPU
		{690EE300-7204-4401-9470-D233ACAC60A0}.Release|Any CPU.ActiveCfg = Release|Any CPU
		{690EE300-7204-4401-9470-D233ACAC60A0}.Release|Any CPU.Build.0 = Release|Any CPU
		{D36ED760-DD6A-49DC-8998-39BE268325EC}.Debug|Any CPU.ActiveCfg = Debug|Any CPU
		{D36ED760-DD6A-49DC-8998-39BE268325EC}.Debug|Any CPU.Build.0 = Debug|Any CPU
		{D36ED760-DD6A-49DC-8998-39BE268325EC}.Release|Any CPU.ActiveCfg = Release|Any CPU
		{D36ED760-DD6A-49DC-8998-39BE268325EC}.Release|Any CPU.Build.0 = Release|Any CPU
		{9E7688E4-C9B1-4B61-91BC-BB509C305D67}.Debug|Any CPU.ActiveCfg = Debug|Any CPU
		{9E7688E4-C9B1-4B61-91BC-BB509C305D67}.Debug|Any CPU.Build.0 = Debug|Any CPU
		{9E7688E4-C9B1-4B61-91BC-BB509C305D67}.Release|Any CPU.ActiveCfg = Release|Any CPU
		{9E7688E4-C9B1-4B61-91BC-BB509C305D67}.Release|Any CPU.Build.0 = Release|Any CPU
		{DD76A5B9-8841-4FC2-896C-CF2461B8C01D}.Debug|Any CPU.ActiveCfg = Debug|Any CPU
		{DD76A5B9-8841-4FC2-896C-CF2461B8C01D}.Debug|Any CPU.Build.0 = Debug|Any CPU
		{DD76A5B9-8841-4FC2-896C-CF2461B8C01D}.Release|Any CPU.ActiveCfg = Release|Any CPU
		{DD76A5B9-8841-4FC2-896C-CF2461B8C01D}.Release|Any CPU.Build.0 = Release|Any CPU
		{0F7E0179-5060-44E2-8062-99636A949368}.Debug|Any CPU.ActiveCfg = Debug|Any CPU
		{0F7E0179-5060-44E2-8062-99636A949368}.Debug|Any CPU.Build.0 = Debug|Any CPU
		{0F7E0179-5060-44E2-8062-99636A949368}.Release|Any CPU.ActiveCfg = Release|Any CPU
		{0F7E0179-5060-44E2-8062-99636A949368}.Release|Any CPU.Build.0 = Release|Any CPU
		{E77036F6-59B6-4680-B27E-733D623584E1}.Debug|Any CPU.ActiveCfg = Debug|Any CPU
		{E77036F6-59B6-4680-B27E-733D623584E1}.Debug|Any CPU.Build.0 = Debug|Any CPU
		{E77036F6-59B6-4680-B27E-733D623584E1}.Release|Any CPU.ActiveCfg = Release|Any CPU
		{E77036F6-59B6-4680-B27E-733D623584E1}.Release|Any CPU.Build.0 = Release|Any CPU
		{B7234700-43AA-47BE-A45E-718FD972BF4E}.Debug|Any CPU.ActiveCfg = Debug|Any CPU
		{B7234700-43AA-47BE-A45E-718FD972BF4E}.Debug|Any CPU.Build.0 = Debug|Any CPU
		{B7234700-43AA-47BE-A45E-718FD972BF4E}.Release|Any CPU.ActiveCfg = Release|Any CPU
		{B7234700-43AA-47BE-A45E-718FD972BF4E}.Release|Any CPU.Build.0 = Release|Any CPU
		{8C3AC20A-7529-4A12-9910-C44B910062EF}.Debug|Any CPU.ActiveCfg = Debug|Any CPU
		{8C3AC20A-7529-4A12-9910-C44B910062EF}.Debug|Any CPU.Build.0 = Debug|Any CPU
		{8C3AC20A-7529-4A12-9910-C44B910062EF}.Release|Any CPU.ActiveCfg = Release|Any CPU
		{8C3AC20A-7529-4A12-9910-C44B910062EF}.Release|Any CPU.Build.0 = Release|Any CPU
		{FE3AF7CC-245D-4BA5-9DB0-D73B8BF62BC6}.Debug|Any CPU.ActiveCfg = Debug|Any CPU
		{FE3AF7CC-245D-4BA5-9DB0-D73B8BF62BC6}.Debug|Any CPU.Build.0 = Debug|Any CPU
		{FE3AF7CC-245D-4BA5-9DB0-D73B8BF62BC6}.Release|Any CPU.ActiveCfg = Release|Any CPU
		{FE3AF7CC-245D-4BA5-9DB0-D73B8BF62BC6}.Release|Any CPU.Build.0 = Release|Any CPU
		{6BFA46B5-3AD6-4CAC-807D-D5FEF9C44493}.Debug|Any CPU.ActiveCfg = Debug|Any CPU
		{6BFA46B5-3AD6-4CAC-807D-D5FEF9C44493}.Debug|Any CPU.Build.0 = Debug|Any CPU
		{6BFA46B5-3AD6-4CAC-807D-D5FEF9C44493}.Release|Any CPU.ActiveCfg = Release|Any CPU
		{6BFA46B5-3AD6-4CAC-807D-D5FEF9C44493}.Release|Any CPU.Build.0 = Release|Any CPU
		{08546A1D-1F6E-4484-946E-2953EBD07C6F}.Debug|Any CPU.ActiveCfg = Debug|Any CPU
		{08546A1D-1F6E-4484-946E-2953EBD07C6F}.Debug|Any CPU.Build.0 = Debug|Any CPU
		{08546A1D-1F6E-4484-946E-2953EBD07C6F}.Release|Any CPU.ActiveCfg = Release|Any CPU
		{08546A1D-1F6E-4484-946E-2953EBD07C6F}.Release|Any CPU.Build.0 = Release|Any CPU
		{9E15D3D5-457D-4362-9662-332D66E8E88B}.Debug|Any CPU.ActiveCfg = Debug|Any CPU
		{9E15D3D5-457D-4362-9662-332D66E8E88B}.Debug|Any CPU.Build.0 = Debug|Any CPU
		{9E15D3D5-457D-4362-9662-332D66E8E88B}.Release|Any CPU.ActiveCfg = Release|Any CPU
		{9E15D3D5-457D-4362-9662-332D66E8E88B}.Release|Any CPU.Build.0 = Release|Any CPU
		{CDF14C55-6264-4C99-BA48-6CEDAA156458}.Debug|Any CPU.ActiveCfg = Debug|Any CPU
		{CDF14C55-6264-4C99-BA48-6CEDAA156458}.Debug|Any CPU.Build.0 = Debug|Any CPU
		{CDF14C55-6264-4C99-BA48-6CEDAA156458}.Release|Any CPU.ActiveCfg = Release|Any CPU
		{CDF14C55-6264-4C99-BA48-6CEDAA156458}.Release|Any CPU.Build.0 = Release|Any CPU
	EndGlobalSection
	GlobalSection(SolutionProperties) = preSolution
		HideSolutionNode = FALSE
	EndGlobalSection
	GlobalSection(NestedProjects) = preSolution
		{FC48D130-1876-40AF-9ABD-DE72EACF647E} = {40D6AC2A-57AD-476D-99B0-AC1B7929C3F8}
		{ED7F1118-9CFC-4F30-AEF1-A50A9C36CD62} = {2EA9361A-23EA-4A5E-8612-DF1F774AAEF3}
		{07309675-F324-46D2-A3A8-DD279FE041FF} = {2EA9361A-23EA-4A5E-8612-DF1F774AAEF3}
		{C1D846D6-AF4C-4261-ADD3-463846D626C1} = {2EA9361A-23EA-4A5E-8612-DF1F774AAEF3}
		{444AC006-BCD3-43F1-8C55-ECE8EBFD77B3} = {2EA9361A-23EA-4A5E-8612-DF1F774AAEF3}
		{DCF44719-8C5F-48C7-A345-4480F7525E49} = {2EA9361A-23EA-4A5E-8612-DF1F774AAEF3}
		{BF231010-9E1E-42F6-A32E-6777EFB26CD8} = {2EA9361A-23EA-4A5E-8612-DF1F774AAEF3}
		{8328AFF4-CD35-45CC-8E29-E07BD6391719} = {2EA9361A-23EA-4A5E-8612-DF1F774AAEF3}
		{C7FC0040-2812-4C83-81B1-9BA236731E82} = {2EA9361A-23EA-4A5E-8612-DF1F774AAEF3}
		{0E73FE1C-700C-4DAC-9569-93F3820B91CF} = {2EA9361A-23EA-4A5E-8612-DF1F774AAEF3}
		{BCEC9932-3959-48A4-8C74-015A3247E955} = {2EA9361A-23EA-4A5E-8612-DF1F774AAEF3}
		{4E54EEDD-22C4-485B-88AE-F5C055500E5A} = {2EA9361A-23EA-4A5E-8612-DF1F774AAEF3}
		{CC45DB72-11E9-4D3B-BC82-002AC53A74CC} = {2EA9361A-23EA-4A5E-8612-DF1F774AAEF3}
		{17861078-F2B3-4CA0-BE59-8C6DB18177B1} = {2EA9361A-23EA-4A5E-8612-DF1F774AAEF3}
		{3E06C0B6-1921-48A4-8A51-8D0A09E1B7D9} = {2EA9361A-23EA-4A5E-8612-DF1F774AAEF3}
		{85C03A0D-DEBE-4134-B212-E47781B5442B} = {2EA9361A-23EA-4A5E-8612-DF1F774AAEF3}
		{F03CB8A2-618F-4731-810A-180758B5F3C7} = {E37410B3-6E79-454D-A4C4-183440F7190F}
		{CD24EC35-927C-462C-AB69-E995DE34BDF1} = {E37410B3-6E79-454D-A4C4-183440F7190F}
		{A248F870-A996-4B41-A48D-7A0C32E29F6E} = {E37410B3-6E79-454D-A4C4-183440F7190F}
		{0600081F-69A8-48B0-8A03-F74714DCDF69} = {E37410B3-6E79-454D-A4C4-183440F7190F}
		{AA47DB52-9E0A-49FE-B18A-688D2F2A3150} = {E37410B3-6E79-454D-A4C4-183440F7190F}
		{9BFF223C-9996-41A4-BFBC-14BAFBC04931} = {E37410B3-6E79-454D-A4C4-183440F7190F}
		{20DEF53C-BEB1-4E32-9A25-A453CB1695A3} = {E37410B3-6E79-454D-A4C4-183440F7190F}
		{5273DC3B-FCBE-4F7B-A20F-11498FD0226B} = {E37410B3-6E79-454D-A4C4-183440F7190F}
		{498DDD9E-F63E-48BA-AFCB-83786D8F92EF} = {E37410B3-6E79-454D-A4C4-183440F7190F}
		{0406291A-8C03-4BA6-91BA-77763724687A} = {E37410B3-6E79-454D-A4C4-183440F7190F}
		{51957F03-1640-4E24-936B-CA8F8F009130} = {E37410B3-6E79-454D-A4C4-183440F7190F}
		{2B1C2DA3-6BDF-444C-98E9-D967FF5C3CC2} = {E37410B3-6E79-454D-A4C4-183440F7190F}
		{AD61D360-6692-447B-9B71-AC123BE7B5DF} = {2EA9361A-23EA-4A5E-8612-DF1F774AAEF3}
		{2B89BFF5-B46D-470F-97DC-18DEF8F4A06B} = {2EA9361A-23EA-4A5E-8612-DF1F774AAEF3}
		{B53D00C5-97A3-4F61-BA00-92916B04B1B7} = {FC48D130-1876-40AF-9ABD-DE72EACF647E}
		{797FB3D1-44E2-4D0F-ACAB-C75EEABBCE6B} = {FC48D130-1876-40AF-9ABD-DE72EACF647E}
		{9A0F0ADD-A7AF-4BEE-872F-21088BB5E850} = {FC48D130-1876-40AF-9ABD-DE72EACF647E}
		{C7C9E060-7C4F-4B1B-9B36-6DCC9D84491A} = {FC48D130-1876-40AF-9ABD-DE72EACF647E}
		{6377540F-6B09-4FAE-950F-5A129024CDAB} = {C7C9E060-7C4F-4B1B-9B36-6DCC9D84491A}
		{5250D9B2-6992-4060-AA91-7B1AEEF68AD4} = {C7C9E060-7C4F-4B1B-9B36-6DCC9D84491A}
		{AA9005D1-11B5-4D52-9712-8A391165DBEA} = {9A0F0ADD-A7AF-4BEE-872F-21088BB5E850}
		{0918A411-8FC9-4962-848B-28EE0A180749} = {797FB3D1-44E2-4D0F-ACAB-C75EEABBCE6B}
		{C6BBBF02-B4FD-4BE3-A5F3-4615C43BA080} = {B53D00C5-97A3-4F61-BA00-92916B04B1B7}
		{546B693A-7A7C-4F31-AEF9-2A9ECBF1CB97} = {B53D00C5-97A3-4F61-BA00-92916B04B1B7}
		{5A23477C-3A85-4D19-B1FB-B330C4177456} = {B53D00C5-97A3-4F61-BA00-92916B04B1B7}
		{DEDA1DB3-593E-4A79-B336-8919D9EEDC91} = {2EA9361A-23EA-4A5E-8612-DF1F774AAEF3}
		{AB49FC69-6B43-4A11-845C-0D03B4A24D58} = {E37410B3-6E79-454D-A4C4-183440F7190F}
		{7B6B09F8-0956-49E3-A628-2AD9E6ADB036} = {40D6AC2A-57AD-476D-99B0-AC1B7929C3F8}
		{C19CCAA4-587B-4797-AC28-770F6B12F2E1} = {E37410B3-6E79-454D-A4C4-183440F7190F}
		{449A7FF4-6631-40E2-884C-824B4FCD81AE} = {40D6AC2A-57AD-476D-99B0-AC1B7929C3F8}
		{9CD50728-AD3A-4A2C-8992-3504FE983285} = {449A7FF4-6631-40E2-884C-824B4FCD81AE}
		{88996C0B-D6DC-4791-B2FC-407C5035B0F2} = {449A7FF4-6631-40E2-884C-824B4FCD81AE}
		{D7E6F7E9-2BA4-422E-8C65-2F9A9540B1BE} = {449A7FF4-6631-40E2-884C-824B4FCD81AE}
		{690EE300-7204-4401-9470-D233ACAC60A0} = {88996C0B-D6DC-4791-B2FC-407C5035B0F2}
		{D36ED760-DD6A-49DC-8998-39BE268325EC} = {9CD50728-AD3A-4A2C-8992-3504FE983285}
		{9E7688E4-C9B1-4B61-91BC-BB509C305D67} = {D7E6F7E9-2BA4-422E-8C65-2F9A9540B1BE}
		{DD76A5B9-8841-4FC2-896C-CF2461B8C01D} = {9CD50728-AD3A-4A2C-8992-3504FE983285}
		{0F7E0179-5060-44E2-8062-99636A949368} = {9CD50728-AD3A-4A2C-8992-3504FE983285}
		{E77036F6-59B6-4680-B27E-733D623584E1} = {E37410B3-6E79-454D-A4C4-183440F7190F}
		{B7234700-43AA-47BE-A45E-718FD972BF4E} = {2EA9361A-23EA-4A5E-8612-DF1F774AAEF3}
		{B4946AB5-2A9B-4978-A722-A4730BA02BB0} = {40D6AC2A-57AD-476D-99B0-AC1B7929C3F8}
		{8C3AC20A-7529-4A12-9910-C44B910062EF} = {B4946AB5-2A9B-4978-A722-A4730BA02BB0}
		{FE3AF7CC-245D-4BA5-9DB0-D73B8BF62BC6} = {B4946AB5-2A9B-4978-A722-A4730BA02BB0}
		{6BFA46B5-3AD6-4CAC-807D-D5FEF9C44493} = {B4946AB5-2A9B-4978-A722-A4730BA02BB0}
		{08546A1D-1F6E-4484-946E-2953EBD07C6F} = {E37410B3-6E79-454D-A4C4-183440F7190F}
		{9E15D3D5-457D-4362-9662-332D66E8E88B} = {E37410B3-6E79-454D-A4C4-183440F7190F}
		{CDF14C55-6264-4C99-BA48-6CEDAA156458} = {2EA9361A-23EA-4A5E-8612-DF1F774AAEF3}
	EndGlobalSection
	GlobalSection(ExtensibilityGlobals) = postSolution
		SolutionGuid = {644439D9-293D-43F0-9991-9B01B933485A}
	EndGlobalSection
EndGlobal
